// !$*UTF8*$!
{
	archiveVersion = 1;
	classes = {
	};
	objectVersion = 56;
	objects = {

/* Begin PBXBuildFile section */
		48460C1A2B53FF0F003406E0 /* LoginView.swift in Sources */ = {isa = PBXBuildFile; fileRef = 48460C192B53FF0F003406E0 /* LoginView.swift */; };
		48460C1C2B540164003406E0 /* LoginViewModel.swift in Sources */ = {isa = PBXBuildFile; fileRef = 48460C1B2B540164003406E0 /* LoginViewModel.swift */; };
		4880403E2B52750D001071AE /* CombineMoya in Frameworks */ = {isa = PBXBuildFile; productRef = 4880403D2B52750D001071AE /* CombineMoya */; };
		488040402B52750D001071AE /* Moya in Frameworks */ = {isa = PBXBuildFile; productRef = 4880403F2B52750D001071AE /* Moya */; };
		488040422B527710001071AE /* API.swift in Sources */ = {isa = PBXBuildFile; fileRef = 488040412B527710001071AE /* API.swift */; };
		488040442B527858001071AE /* APIModel.swift in Sources */ = {isa = PBXBuildFile; fileRef = 488040432B527858001071AE /* APIModel.swift */; };
		48896FE02B495D79000C371F /* MessengerProjectApp.swift in Sources */ = {isa = PBXBuildFile; fileRef = 48896FDF2B495D79000C371F /* MessengerProjectApp.swift */; };
		48896FE22B495D79000C371F /* ContentView.swift in Sources */ = {isa = PBXBuildFile; fileRef = 48896FE12B495D79000C371F /* ContentView.swift */; };
		48896FE42B495D7A000C371F /* Assets.xcassets in Resources */ = {isa = PBXBuildFile; fileRef = 48896FE32B495D7A000C371F /* Assets.xcassets */; };
		48896FE72B495D7A000C371F /* Preview Assets.xcassets in Resources */ = {isa = PBXBuildFile; fileRef = 48896FE62B495D7A000C371F /* Preview Assets.xcassets */; };
		48896FF12B495D7A000C371F /* MessengerProjectTests.swift in Sources */ = {isa = PBXBuildFile; fileRef = 48896FF02B495D7A000C371F /* MessengerProjectTests.swift */; };
		48896FFB2B495D7A000C371F /* MessengerProjectUITests.swift in Sources */ = {isa = PBXBuildFile; fileRef = 48896FFA2B495D7A000C371F /* MessengerProjectUITests.swift */; };
		48896FFD2B495D7A000C371F /* MessengerProjectUITestsLaunchTests.swift in Sources */ = {isa = PBXBuildFile; fileRef = 48896FFC2B495D7A000C371F /* MessengerProjectUITestsLaunchTests.swift */; };
		4889700B2B4AB07B000C371F /* OnboardingView.swift in Sources */ = {isa = PBXBuildFile; fileRef = 4889700A2B4AB07B000C371F /* OnboardingView.swift */; };
		488970102B4AB794000C371F /* Constant.swift in Sources */ = {isa = PBXBuildFile; fileRef = 4889700F2B4AB794000C371F /* Constant.swift */; };
		488970122B4C5A48000C371F /* SignUpView.swift in Sources */ = {isa = PBXBuildFile; fileRef = 488970112B4C5A48000C371F /* SignUpView.swift */; };
		48A81A292B4FD1D00004681B /* SignUpViewModel.swift in Sources */ = {isa = PBXBuildFile; fileRef = 48A81A282B4FD1D00004681B /* SignUpViewModel.swift */; };
		48A81A2B2B4FD52E0004681B /* .gitignore in Resources */ = {isa = PBXBuildFile; fileRef = 48A81A2A2B4FD52E0004681B /* .gitignore */; };
		48A81A2D2B4FD5730004681B /* APIKeys.swift in Sources */ = {isa = PBXBuildFile; fileRef = 48A81A2C2B4FD5730004681B /* APIKeys.swift */; };
/* End PBXBuildFile section */

/* Begin PBXContainerItemProxy section */
		48896FED2B495D7A000C371F /* PBXContainerItemProxy */ = {
			isa = PBXContainerItemProxy;
			containerPortal = 48896FD42B495D79000C371F /* Project object */;
			proxyType = 1;
			remoteGlobalIDString = 48896FDB2B495D79000C371F;
			remoteInfo = MessengerProject;
		};
		48896FF72B495D7A000C371F /* PBXContainerItemProxy */ = {
			isa = PBXContainerItemProxy;
			containerPortal = 48896FD42B495D79000C371F /* Project object */;
			proxyType = 1;
			remoteGlobalIDString = 48896FDB2B495D79000C371F;
			remoteInfo = MessengerProject;
		};
/* End PBXContainerItemProxy section */

/* Begin PBXFileReference section */
		48460C192B53FF0F003406E0 /* LoginView.swift */ = {isa = PBXFileReference; lastKnownFileType = sourcecode.swift; path = LoginView.swift; sourceTree = "<group>"; };
		48460C1B2B540164003406E0 /* LoginViewModel.swift */ = {isa = PBXFileReference; lastKnownFileType = sourcecode.swift; path = LoginViewModel.swift; sourceTree = "<group>"; };
		48460C1D2B543289003406E0 /* MessengerProject.entitlements */ = {isa = PBXFileReference; lastKnownFileType = text.plist.entitlements; path = MessengerProject.entitlements; sourceTree = "<group>"; };
		488040412B527710001071AE /* API.swift */ = {isa = PBXFileReference; lastKnownFileType = sourcecode.swift; path = API.swift; sourceTree = "<group>"; };
		488040432B527858001071AE /* APIModel.swift */ = {isa = PBXFileReference; lastKnownFileType = sourcecode.swift; path = APIModel.swift; sourceTree = "<group>"; };
		488040452B528042001071AE /* Info.plist */ = {isa = PBXFileReference; lastKnownFileType = text.plist; path = Info.plist; sourceTree = "<group>"; };
		48896FDC2B495D79000C371F /* MessengerProject.app */ = {isa = PBXFileReference; explicitFileType = wrapper.application; includeInIndex = 0; path = MessengerProject.app; sourceTree = BUILT_PRODUCTS_DIR; };
		48896FDF2B495D79000C371F /* MessengerProjectApp.swift */ = {isa = PBXFileReference; lastKnownFileType = sourcecode.swift; path = MessengerProjectApp.swift; sourceTree = "<group>"; };
		48896FE12B495D79000C371F /* ContentView.swift */ = {isa = PBXFileReference; lastKnownFileType = sourcecode.swift; path = ContentView.swift; sourceTree = "<group>"; };
		48896FE32B495D7A000C371F /* Assets.xcassets */ = {isa = PBXFileReference; lastKnownFileType = folder.assetcatalog; path = Assets.xcassets; sourceTree = "<group>"; };
		48896FE62B495D7A000C371F /* Preview Assets.xcassets */ = {isa = PBXFileReference; lastKnownFileType = folder.assetcatalog; path = "Preview Assets.xcassets"; sourceTree = "<group>"; };
		48896FEC2B495D7A000C371F /* MessengerProjectTests.xctest */ = {isa = PBXFileReference; explicitFileType = wrapper.cfbundle; includeInIndex = 0; path = MessengerProjectTests.xctest; sourceTree = BUILT_PRODUCTS_DIR; };
		48896FF02B495D7A000C371F /* MessengerProjectTests.swift */ = {isa = PBXFileReference; lastKnownFileType = sourcecode.swift; path = MessengerProjectTests.swift; sourceTree = "<group>"; };
		48896FF62B495D7A000C371F /* MessengerProjectUITests.xctest */ = {isa = PBXFileReference; explicitFileType = wrapper.cfbundle; includeInIndex = 0; path = MessengerProjectUITests.xctest; sourceTree = BUILT_PRODUCTS_DIR; };
		48896FFA2B495D7A000C371F /* MessengerProjectUITests.swift */ = {isa = PBXFileReference; lastKnownFileType = sourcecode.swift; path = MessengerProjectUITests.swift; sourceTree = "<group>"; };
		48896FFC2B495D7A000C371F /* MessengerProjectUITestsLaunchTests.swift */ = {isa = PBXFileReference; lastKnownFileType = sourcecode.swift; path = MessengerProjectUITestsLaunchTests.swift; sourceTree = "<group>"; };
		4889700A2B4AB07B000C371F /* OnboardingView.swift */ = {isa = PBXFileReference; lastKnownFileType = sourcecode.swift; path = OnboardingView.swift; sourceTree = "<group>"; };
		4889700F2B4AB794000C371F /* Constant.swift */ = {isa = PBXFileReference; lastKnownFileType = sourcecode.swift; path = Constant.swift; sourceTree = "<group>"; };
		488970112B4C5A48000C371F /* SignUpView.swift */ = {isa = PBXFileReference; lastKnownFileType = sourcecode.swift; path = SignUpView.swift; sourceTree = "<group>"; };
		48A81A282B4FD1D00004681B /* SignUpViewModel.swift */ = {isa = PBXFileReference; lastKnownFileType = sourcecode.swift; path = SignUpViewModel.swift; sourceTree = "<group>"; };
		48A81A2A2B4FD52E0004681B /* .gitignore */ = {isa = PBXFileReference; lastKnownFileType = text; path = .gitignore; sourceTree = "<group>"; };
		48A81A2C2B4FD5730004681B /* APIKeys.swift */ = {isa = PBXFileReference; lastKnownFileType = sourcecode.swift; path = APIKeys.swift; sourceTree = "<group>"; };
/* End PBXFileReference section */

/* Begin PBXFrameworksBuildPhase section */
		48896FD92B495D79000C371F /* Frameworks */ = {
			isa = PBXFrameworksBuildPhase;
			buildActionMask = 2147483647;
			files = (
				488040402B52750D001071AE /* Moya in Frameworks */,
				4880403E2B52750D001071AE /* CombineMoya in Frameworks */,
			);
			runOnlyForDeploymentPostprocessing = 0;
		};
		48896FE92B495D7A000C371F /* Frameworks */ = {
			isa = PBXFrameworksBuildPhase;
			buildActionMask = 2147483647;
			files = (
			);
			runOnlyForDeploymentPostprocessing = 0;
		};
		48896FF32B495D7A000C371F /* Frameworks */ = {
			isa = PBXFrameworksBuildPhase;
			buildActionMask = 2147483647;
			files = (
			);
			runOnlyForDeploymentPostprocessing = 0;
		};
/* End PBXFrameworksBuildPhase section */

/* Begin PBXGroup section */
		48460C182B53FC77003406E0 /* Login */ = {
			isa = PBXGroup;
			children = (
				48460C192B53FF0F003406E0 /* LoginView.swift */,
				48460C1B2B540164003406E0 /* LoginViewModel.swift */,
			);
			path = Login;
			sourceTree = "<group>";
		};
		48896FD32B495D79000C371F = {
			isa = PBXGroup;
			children = (
				48896FDE2B495D79000C371F /* MessengerProject */,
				48896FEF2B495D7A000C371F /* MessengerProjectTests */,
				48896FF92B495D7A000C371F /* MessengerProjectUITests */,
				48896FDD2B495D79000C371F /* Products */,
			);
			sourceTree = "<group>";
		};
		48896FDD2B495D79000C371F /* Products */ = {
			isa = PBXGroup;
			children = (
				48896FDC2B495D79000C371F /* MessengerProject.app */,
				48896FEC2B495D7A000C371F /* MessengerProjectTests.xctest */,
				48896FF62B495D7A000C371F /* MessengerProjectUITests.xctest */,
			);
			name = Products;
			sourceTree = "<group>";
		};
		48896FDE2B495D79000C371F /* MessengerProject */ = {
			isa = PBXGroup;
			children = (
				48460C1D2B543289003406E0 /* MessengerProject.entitlements */,
				488040452B528042001071AE /* Info.plist */,
				48A81A2E2B4FD7780004681B /* Network */,
				4889700C2B4AB6B7000C371F /* Base */,
				488970092B4AAEA9000C371F /* Join */,
				48460C182B53FC77003406E0 /* Login */,
				48896FDF2B495D79000C371F /* MessengerProjectApp.swift */,
				48896FE12B495D79000C371F /* ContentView.swift */,
				48896FE32B495D7A000C371F /* Assets.xcassets */,
				48896FE52B495D7A000C371F /* Preview Content */,
				48A81A2A2B4FD52E0004681B /* .gitignore */,
			);
			path = MessengerProject;
			sourceTree = "<group>";
		};
		48896FE52B495D7A000C371F /* Preview Content */ = {
			isa = PBXGroup;
			children = (
				48896FE62B495D7A000C371F /* Preview Assets.xcassets */,
			);
			path = "Preview Content";
			sourceTree = "<group>";
		};
		48896FEF2B495D7A000C371F /* MessengerProjectTests */ = {
			isa = PBXGroup;
			children = (
				48896FF02B495D7A000C371F /* MessengerProjectTests.swift */,
			);
			path = MessengerProjectTests;
			sourceTree = "<group>";
		};
		48896FF92B495D7A000C371F /* MessengerProjectUITests */ = {
			isa = PBXGroup;
			children = (
				48896FFA2B495D7A000C371F /* MessengerProjectUITests.swift */,
				48896FFC2B495D7A000C371F /* MessengerProjectUITestsLaunchTests.swift */,
			);
			path = MessengerProjectUITests;
			sourceTree = "<group>";
		};
		488970092B4AAEA9000C371F /* Join */ = {
			isa = PBXGroup;
			children = (
				4889700A2B4AB07B000C371F /* OnboardingView.swift */,
				488970112B4C5A48000C371F /* SignUpView.swift */,
				48A81A282B4FD1D00004681B /* SignUpViewModel.swift */,
			);
			path = Join;
			sourceTree = "<group>";
		};
		4889700C2B4AB6B7000C371F /* Base */ = {
			isa = PBXGroup;
			children = (
				4889700F2B4AB794000C371F /* Constant.swift */,
			);
			path = Base;
			sourceTree = "<group>";
		};
		48A81A2E2B4FD7780004681B /* Network */ = {
			isa = PBXGroup;
			children = (
				48A81A2C2B4FD5730004681B /* APIKeys.swift */,
				488040412B527710001071AE /* API.swift */,
				488040432B527858001071AE /* APIModel.swift */,
			);
			path = Network;
			sourceTree = "<group>";
		};
/* End PBXGroup section */

/* Begin PBXNativeTarget section */
		48896FDB2B495D79000C371F /* MessengerProject */ = {
			isa = PBXNativeTarget;
			buildConfigurationList = 488970002B495D7A000C371F /* Build configuration list for PBXNativeTarget "MessengerProject" */;
			buildPhases = (
				48896FD82B495D79000C371F /* Sources */,
				48896FD92B495D79000C371F /* Frameworks */,
				48896FDA2B495D79000C371F /* Resources */,
			);
			buildRules = (
			);
			dependencies = (
			);
			name = MessengerProject;
			packageProductDependencies = (
				4880403D2B52750D001071AE /* CombineMoya */,
				4880403F2B52750D001071AE /* Moya */,
			);
			productName = MessengerProject;
			productReference = 48896FDC2B495D79000C371F /* MessengerProject.app */;
			productType = "com.apple.product-type.application";
		};
		48896FEB2B495D7A000C371F /* MessengerProjectTests */ = {
			isa = PBXNativeTarget;
			buildConfigurationList = 488970032B495D7A000C371F /* Build configuration list for PBXNativeTarget "MessengerProjectTests" */;
			buildPhases = (
				48896FE82B495D7A000C371F /* Sources */,
				48896FE92B495D7A000C371F /* Frameworks */,
				48896FEA2B495D7A000C371F /* Resources */,
			);
			buildRules = (
			);
			dependencies = (
				48896FEE2B495D7A000C371F /* PBXTargetDependency */,
			);
			name = MessengerProjectTests;
			productName = MessengerProjectTests;
			productReference = 48896FEC2B495D7A000C371F /* MessengerProjectTests.xctest */;
			productType = "com.apple.product-type.bundle.unit-test";
		};
		48896FF52B495D7A000C371F /* MessengerProjectUITests */ = {
			isa = PBXNativeTarget;
			buildConfigurationList = 488970062B495D7A000C371F /* Build configuration list for PBXNativeTarget "MessengerProjectUITests" */;
			buildPhases = (
				48896FF22B495D7A000C371F /* Sources */,
				48896FF32B495D7A000C371F /* Frameworks */,
				48896FF42B495D7A000C371F /* Resources */,
			);
			buildRules = (
			);
			dependencies = (
				48896FF82B495D7A000C371F /* PBXTargetDependency */,
			);
			name = MessengerProjectUITests;
			productName = MessengerProjectUITests;
			productReference = 48896FF62B495D7A000C371F /* MessengerProjectUITests.xctest */;
			productType = "com.apple.product-type.bundle.ui-testing";
		};
/* End PBXNativeTarget section */

/* Begin PBXProject section */
		48896FD42B495D79000C371F /* Project object */ = {
			isa = PBXProject;
			attributes = {
				BuildIndependentTargetsInParallel = 1;
				LastSwiftUpdateCheck = 1500;
				LastUpgradeCheck = 1500;
				TargetAttributes = {
					48896FDB2B495D79000C371F = {
						CreatedOnToolsVersion = 15.0;
					};
					48896FEB2B495D7A000C371F = {
						CreatedOnToolsVersion = 15.0;
						TestTargetID = 48896FDB2B495D79000C371F;
					};
					48896FF52B495D7A000C371F = {
						CreatedOnToolsVersion = 15.0;
						TestTargetID = 48896FDB2B495D79000C371F;
					};
				};
			};
			buildConfigurationList = 48896FD72B495D79000C371F /* Build configuration list for PBXProject "MessengerProject" */;
			compatibilityVersion = "Xcode 14.0";
			developmentRegion = en;
			hasScannedForEncodings = 0;
			knownRegions = (
				en,
				Base,
			);
			mainGroup = 48896FD32B495D79000C371F;
			packageReferences = (
				4880403C2B52750D001071AE /* XCRemoteSwiftPackageReference "Moya" */,
			);
			productRefGroup = 48896FDD2B495D79000C371F /* Products */;
			projectDirPath = "";
			projectRoot = "";
			targets = (
				48896FDB2B495D79000C371F /* MessengerProject */,
				48896FEB2B495D7A000C371F /* MessengerProjectTests */,
				48896FF52B495D7A000C371F /* MessengerProjectUITests */,
			);
		};
/* End PBXProject section */

/* Begin PBXResourcesBuildPhase section */
		48896FDA2B495D79000C371F /* Resources */ = {
			isa = PBXResourcesBuildPhase;
			buildActionMask = 2147483647;
			files = (
				48896FE72B495D7A000C371F /* Preview Assets.xcassets in Resources */,
				48A81A2B2B4FD52E0004681B /* .gitignore in Resources */,
				48896FE42B495D7A000C371F /* Assets.xcassets in Resources */,
			);
			runOnlyForDeploymentPostprocessing = 0;
		};
		48896FEA2B495D7A000C371F /* Resources */ = {
			isa = PBXResourcesBuildPhase;
			buildActionMask = 2147483647;
			files = (
			);
			runOnlyForDeploymentPostprocessing = 0;
		};
		48896FF42B495D7A000C371F /* Resources */ = {
			isa = PBXResourcesBuildPhase;
			buildActionMask = 2147483647;
			files = (
			);
			runOnlyForDeploymentPostprocessing = 0;
		};
/* End PBXResourcesBuildPhase section */

/* Begin PBXSourcesBuildPhase section */
		48896FD82B495D79000C371F /* Sources */ = {
			isa = PBXSourcesBuildPhase;
			buildActionMask = 2147483647;
			files = (
				4889700B2B4AB07B000C371F /* OnboardingView.swift in Sources */,
				488040442B527858001071AE /* APIModel.swift in Sources */,
				48460C1C2B540164003406E0 /* LoginViewModel.swift in Sources */,
				488970122B4C5A48000C371F /* SignUpView.swift in Sources */,
				48A81A2D2B4FD5730004681B /* APIKeys.swift in Sources */,
				48896FE22B495D79000C371F /* ContentView.swift in Sources */,
				488970102B4AB794000C371F /* Constant.swift in Sources */,
				48A81A292B4FD1D00004681B /* SignUpViewModel.swift in Sources */,
				488040422B527710001071AE /* API.swift in Sources */,
				48460C1A2B53FF0F003406E0 /* LoginView.swift in Sources */,
				48896FE02B495D79000C371F /* MessengerProjectApp.swift in Sources */,
			);
			runOnlyForDeploymentPostprocessing = 0;
		};
		48896FE82B495D7A000C371F /* Sources */ = {
			isa = PBXSourcesBuildPhase;
			buildActionMask = 2147483647;
			files = (
				48896FF12B495D7A000C371F /* MessengerProjectTests.swift in Sources */,
			);
			runOnlyForDeploymentPostprocessing = 0;
		};
		48896FF22B495D7A000C371F /* Sources */ = {
			isa = PBXSourcesBuildPhase;
			buildActionMask = 2147483647;
			files = (
				48896FFD2B495D7A000C371F /* MessengerProjectUITestsLaunchTests.swift in Sources */,
				48896FFB2B495D7A000C371F /* MessengerProjectUITests.swift in Sources */,
			);
			runOnlyForDeploymentPostprocessing = 0;
		};
/* End PBXSourcesBuildPhase section */

/* Begin PBXTargetDependency section */
		48896FEE2B495D7A000C371F /* PBXTargetDependency */ = {
			isa = PBXTargetDependency;
			target = 48896FDB2B495D79000C371F /* MessengerProject */;
			targetProxy = 48896FED2B495D7A000C371F /* PBXContainerItemProxy */;
		};
		48896FF82B495D7A000C371F /* PBXTargetDependency */ = {
			isa = PBXTargetDependency;
			target = 48896FDB2B495D79000C371F /* MessengerProject */;
			targetProxy = 48896FF72B495D7A000C371F /* PBXContainerItemProxy */;
		};
/* End PBXTargetDependency section */

/* Begin XCBuildConfiguration section */
		48896FFE2B495D7A000C371F /* Debug */ = {
			isa = XCBuildConfiguration;
			buildSettings = {
				ALWAYS_SEARCH_USER_PATHS = NO;
				ASSETCATALOG_COMPILER_GENERATE_SWIFT_ASSET_SYMBOL_EXTENSIONS = YES;
				CLANG_ANALYZER_NONNULL = YES;
				CLANG_ANALYZER_NUMBER_OBJECT_CONVERSION = YES_AGGRESSIVE;
				CLANG_CXX_LANGUAGE_STANDARD = "gnu++20";
				CLANG_ENABLE_MODULES = YES;
				CLANG_ENABLE_OBJC_ARC = YES;
				CLANG_ENABLE_OBJC_WEAK = YES;
				CLANG_WARN_BLOCK_CAPTURE_AUTORELEASING = YES;
				CLANG_WARN_BOOL_CONVERSION = YES;
				CLANG_WARN_COMMA = YES;
				CLANG_WARN_CONSTANT_CONVERSION = YES;
				CLANG_WARN_DEPRECATED_OBJC_IMPLEMENTATIONS = YES;
				CLANG_WARN_DIRECT_OBJC_ISA_USAGE = YES_ERROR;
				CLANG_WARN_DOCUMENTATION_COMMENTS = YES;
				CLANG_WARN_EMPTY_BODY = YES;
				CLANG_WARN_ENUM_CONVERSION = YES;
				CLANG_WARN_INFINITE_RECURSION = YES;
				CLANG_WARN_INT_CONVERSION = YES;
				CLANG_WARN_NON_LITERAL_NULL_CONVERSION = YES;
				CLANG_WARN_OBJC_IMPLICIT_RETAIN_SELF = YES;
				CLANG_WARN_OBJC_LITERAL_CONVERSION = YES;
				CLANG_WARN_OBJC_ROOT_CLASS = YES_ERROR;
				CLANG_WARN_QUOTED_INCLUDE_IN_FRAMEWORK_HEADER = YES;
				CLANG_WARN_RANGE_LOOP_ANALYSIS = YES;
				CLANG_WARN_STRICT_PROTOTYPES = YES;
				CLANG_WARN_SUSPICIOUS_MOVE = YES;
				CLANG_WARN_UNGUARDED_AVAILABILITY = YES_AGGRESSIVE;
				CLANG_WARN_UNREACHABLE_CODE = YES;
				CLANG_WARN__DUPLICATE_METHOD_MATCH = YES;
				COPY_PHASE_STRIP = NO;
				DEBUG_INFORMATION_FORMAT = dwarf;
				ENABLE_STRICT_OBJC_MSGSEND = YES;
				ENABLE_TESTABILITY = YES;
				ENABLE_USER_SCRIPT_SANDBOXING = YES;
				GCC_C_LANGUAGE_STANDARD = gnu17;
				GCC_DYNAMIC_NO_PIC = NO;
				GCC_NO_COMMON_BLOCKS = YES;
				GCC_OPTIMIZATION_LEVEL = 0;
				GCC_PREPROCESSOR_DEFINITIONS = (
					"DEBUG=1",
					"$(inherited)",
				);
				GCC_WARN_64_TO_32_BIT_CONVERSION = YES;
				GCC_WARN_ABOUT_RETURN_TYPE = YES_ERROR;
				GCC_WARN_UNDECLARED_SELECTOR = YES;
				GCC_WARN_UNINITIALIZED_AUTOS = YES_AGGRESSIVE;
				GCC_WARN_UNUSED_FUNCTION = YES;
				GCC_WARN_UNUSED_VARIABLE = YES;
				IPHONEOS_DEPLOYMENT_TARGET = 16.4;
				LOCALIZATION_PREFERS_STRING_CATALOGS = YES;
				MTL_ENABLE_DEBUG_INFO = INCLUDE_SOURCE;
				MTL_FAST_MATH = YES;
				ONLY_ACTIVE_ARCH = YES;
				SDKROOT = iphoneos;
				SWIFT_ACTIVE_COMPILATION_CONDITIONS = "DEBUG $(inherited)";
				SWIFT_OPTIMIZATION_LEVEL = "-Onone";
			};
			name = Debug;
		};
		48896FFF2B495D7A000C371F /* Release */ = {
			isa = XCBuildConfiguration;
			buildSettings = {
				ALWAYS_SEARCH_USER_PATHS = NO;
				ASSETCATALOG_COMPILER_GENERATE_SWIFT_ASSET_SYMBOL_EXTENSIONS = YES;
				CLANG_ANALYZER_NONNULL = YES;
				CLANG_ANALYZER_NUMBER_OBJECT_CONVERSION = YES_AGGRESSIVE;
				CLANG_CXX_LANGUAGE_STANDARD = "gnu++20";
				CLANG_ENABLE_MODULES = YES;
				CLANG_ENABLE_OBJC_ARC = YES;
				CLANG_ENABLE_OBJC_WEAK = YES;
				CLANG_WARN_BLOCK_CAPTURE_AUTORELEASING = YES;
				CLANG_WARN_BOOL_CONVERSION = YES;
				CLANG_WARN_COMMA = YES;
				CLANG_WARN_CONSTANT_CONVERSION = YES;
				CLANG_WARN_DEPRECATED_OBJC_IMPLEMENTATIONS = YES;
				CLANG_WARN_DIRECT_OBJC_ISA_USAGE = YES_ERROR;
				CLANG_WARN_DOCUMENTATION_COMMENTS = YES;
				CLANG_WARN_EMPTY_BODY = YES;
				CLANG_WARN_ENUM_CONVERSION = YES;
				CLANG_WARN_INFINITE_RECURSION = YES;
				CLANG_WARN_INT_CONVERSION = YES;
				CLANG_WARN_NON_LITERAL_NULL_CONVERSION = YES;
				CLANG_WARN_OBJC_IMPLICIT_RETAIN_SELF = YES;
				CLANG_WARN_OBJC_LITERAL_CONVERSION = YES;
				CLANG_WARN_OBJC_ROOT_CLASS = YES_ERROR;
				CLANG_WARN_QUOTED_INCLUDE_IN_FRAMEWORK_HEADER = YES;
				CLANG_WARN_RANGE_LOOP_ANALYSIS = YES;
				CLANG_WARN_STRICT_PROTOTYPES = YES;
				CLANG_WARN_SUSPICIOUS_MOVE = YES;
				CLANG_WARN_UNGUARDED_AVAILABILITY = YES_AGGRESSIVE;
				CLANG_WARN_UNREACHABLE_CODE = YES;
				CLANG_WARN__DUPLICATE_METHOD_MATCH = YES;
				COPY_PHASE_STRIP = NO;
				DEBUG_INFORMATION_FORMAT = "dwarf-with-dsym";
				ENABLE_NS_ASSERTIONS = NO;
				ENABLE_STRICT_OBJC_MSGSEND = YES;
				ENABLE_USER_SCRIPT_SANDBOXING = YES;
				GCC_C_LANGUAGE_STANDARD = gnu17;
				GCC_NO_COMMON_BLOCKS = YES;
				GCC_WARN_64_TO_32_BIT_CONVERSION = YES;
				GCC_WARN_ABOUT_RETURN_TYPE = YES_ERROR;
				GCC_WARN_UNDECLARED_SELECTOR = YES;
				GCC_WARN_UNINITIALIZED_AUTOS = YES_AGGRESSIVE;
				GCC_WARN_UNUSED_FUNCTION = YES;
				GCC_WARN_UNUSED_VARIABLE = YES;
				IPHONEOS_DEPLOYMENT_TARGET = 16.4;
				LOCALIZATION_PREFERS_STRING_CATALOGS = YES;
				MTL_ENABLE_DEBUG_INFO = NO;
				MTL_FAST_MATH = YES;
				SDKROOT = iphoneos;
				SWIFT_COMPILATION_MODE = wholemodule;
				VALIDATE_PRODUCT = YES;
			};
			name = Release;
		};
		488970012B495D7A000C371F /* Debug */ = {
			isa = XCBuildConfiguration;
			buildSettings = {
				ASSETCATALOG_COMPILER_APPICON_NAME = AppIcon;
				ASSETCATALOG_COMPILER_GLOBAL_ACCENT_COLOR_NAME = AccentColor;
				CODE_SIGN_ENTITLEMENTS = MessengerProject/MessengerProject.entitlements;
				CODE_SIGN_STYLE = Automatic;
				CURRENT_PROJECT_VERSION = 1;
				DEVELOPMENT_ASSET_PATHS = "\"MessengerProject/Preview Content\"";
				DEVELOPMENT_TEAM = A8NKCBCXX2;
				ENABLE_PREVIEWS = YES;
				GENERATE_INFOPLIST_FILE = YES;
				INFOPLIST_FILE = MessengerProject/Info.plist;
				INFOPLIST_KEY_UIApplicationSceneManifest_Generation = YES;
				INFOPLIST_KEY_UIApplicationSupportsIndirectInputEvents = YES;
				INFOPLIST_KEY_UILaunchScreen_Generation = YES;
				INFOPLIST_KEY_UISupportedInterfaceOrientations_iPad = "UIInterfaceOrientationPortrait UIInterfaceOrientationPortraitUpsideDown UIInterfaceOrientationLandscapeLeft UIInterfaceOrientationLandscapeRight";
				INFOPLIST_KEY_UISupportedInterfaceOrientations_iPhone = "UIInterfaceOrientationPortrait UIInterfaceOrientationLandscapeLeft UIInterfaceOrientationLandscapeRight";
				LD_RUNPATH_SEARCH_PATHS = (
					"$(inherited)",
					"@executable_path/Frameworks",
				);
				MARKETING_VERSION = 1.0;
				PRODUCT_BUNDLE_IDENTIFIER = com.marpark.MessengerProject;
				PRODUCT_NAME = "$(TARGET_NAME)";
				SWIFT_EMIT_LOC_STRINGS = YES;
				SWIFT_VERSION = 5.0;
				TARGETED_DEVICE_FAMILY = "1,2";
			};
			name = Debug;
		};
		488970022B495D7A000C371F /* Release */ = {
			isa = XCBuildConfiguration;
			buildSettings = {
				ASSETCATALOG_COMPILER_APPICON_NAME = AppIcon;
				ASSETCATALOG_COMPILER_GLOBAL_ACCENT_COLOR_NAME = AccentColor;
				CODE_SIGN_ENTITLEMENTS = MessengerProject/MessengerProject.entitlements;
				CODE_SIGN_STYLE = Automatic;
				CURRENT_PROJECT_VERSION = 1;
				DEVELOPMENT_ASSET_PATHS = "\"MessengerProject/Preview Content\"";
				DEVELOPMENT_TEAM = A8NKCBCXX2;
				ENABLE_PREVIEWS = YES;
				GENERATE_INFOPLIST_FILE = YES;
				INFOPLIST_FILE = MessengerProject/Info.plist;
				INFOPLIST_KEY_UIApplicationSceneManifest_Generation = YES;
				INFOPLIST_KEY_UIApplicationSupportsIndirectInputEvents = YES;
				INFOPLIST_KEY_UILaunchScreen_Generation = YES;
				INFOPLIST_KEY_UISupportedInterfaceOrientations_iPad = "UIInterfaceOrientationPortrait UIInterfaceOrientationPortraitUpsideDown UIInterfaceOrientationLandscapeLeft UIInterfaceOrientationLandscapeRight";
				INFOPLIST_KEY_UISupportedInterfaceOrientations_iPhone = "UIInterfaceOrientationPortrait UIInterfaceOrientationLandscapeLeft UIInterfaceOrientationLandscapeRight";
				LD_RUNPATH_SEARCH_PATHS = (
					"$(inherited)",
					"@executable_path/Frameworks",
				);
				MARKETING_VERSION = 1.0;
				PRODUCT_BUNDLE_IDENTIFIER = com.marpark.MessengerProject;
				PRODUCT_NAME = "$(TARGET_NAME)";
				SWIFT_EMIT_LOC_STRINGS = YES;
				SWIFT_VERSION = 5.0;
				TARGETED_DEVICE_FAMILY = "1,2";
			};
			name = Release;
		};
		488970042B495D7A000C371F /* Debug */ = {
			isa = XCBuildConfiguration;
			buildSettings = {
				ALWAYS_EMBED_SWIFT_STANDARD_LIBRARIES = YES;
				BUNDLE_LOADER = "$(TEST_HOST)";
				CODE_SIGN_STYLE = Automatic;
				CURRENT_PROJECT_VERSION = 1;
				DEVELOPMENT_TEAM = A8NKCBCXX2;
				GENERATE_INFOPLIST_FILE = YES;
				IPHONEOS_DEPLOYMENT_TARGET = 17.0;
				MARKETING_VERSION = 1.0;
				PRODUCT_BUNDLE_IDENTIFIER = com.marpark.MessengerProjectTests;
				PRODUCT_NAME = "$(TARGET_NAME)";
				SWIFT_EMIT_LOC_STRINGS = NO;
				SWIFT_VERSION = 5.0;
				TARGETED_DEVICE_FAMILY = "1,2";
				TEST_HOST = "$(BUILT_PRODUCTS_DIR)/MessengerProject.app/$(BUNDLE_EXECUTABLE_FOLDER_PATH)/MessengerProject";
			};
			name = Debug;
		};
		488970052B495D7A000C371F /* Release */ = {
			isa = XCBuildConfiguration;
			buildSettings = {
				ALWAYS_EMBED_SWIFT_STANDARD_LIBRARIES = YES;
				BUNDLE_LOADER = "$(TEST_HOST)";
				CODE_SIGN_STYLE = Automatic;
				CURRENT_PROJECT_VERSION = 1;
				DEVELOPMENT_TEAM = A8NKCBCXX2;
				GENERATE_INFOPLIST_FILE = YES;
				IPHONEOS_DEPLOYMENT_TARGET = 17.0;
				MARKETING_VERSION = 1.0;
				PRODUCT_BUNDLE_IDENTIFIER = com.marpark.MessengerProjectTests;
				PRODUCT_NAME = "$(TARGET_NAME)";
				SWIFT_EMIT_LOC_STRINGS = NO;
				SWIFT_VERSION = 5.0;
				TARGETED_DEVICE_FAMILY = "1,2";
				TEST_HOST = "$(BUILT_PRODUCTS_DIR)/MessengerProject.app/$(BUNDLE_EXECUTABLE_FOLDER_PATH)/MessengerProject";
			};
			name = Release;
		};
		488970072B495D7A000C371F /* Debug */ = {
			isa = XCBuildConfiguration;
			buildSettings = {
				ALWAYS_EMBED_SWIFT_STANDARD_LIBRARIES = YES;
				CODE_SIGN_STYLE = Automatic;
				CURRENT_PROJECT_VERSION = 1;
				DEVELOPMENT_TEAM = A8NKCBCXX2;
				GENERATE_INFOPLIST_FILE = YES;
				MARKETING_VERSION = 1.0;
				PRODUCT_BUNDLE_IDENTIFIER = com.marpark.MessengerProjectUITests;
				PRODUCT_NAME = "$(TARGET_NAME)";
				SWIFT_EMIT_LOC_STRINGS = NO;
				SWIFT_VERSION = 5.0;
				TARGETED_DEVICE_FAMILY = "1,2";
				TEST_TARGET_NAME = MessengerProject;
			};
			name = Debug;
		};
		488970082B495D7A000C371F /* Release */ = {
			isa = XCBuildConfiguration;
			buildSettings = {
				ALWAYS_EMBED_SWIFT_STANDARD_LIBRARIES = YES;
				CODE_SIGN_STYLE = Automatic;
				CURRENT_PROJECT_VERSION = 1;
				DEVELOPMENT_TEAM = A8NKCBCXX2;
				GENERATE_INFOPLIST_FILE = YES;
				MARKETING_VERSION = 1.0;
				PRODUCT_BUNDLE_IDENTIFIER = com.marpark.MessengerProjectUITests;
				PRODUCT_NAME = "$(TARGET_NAME)";
				SWIFT_EMIT_LOC_STRINGS = NO;
				SWIFT_VERSION = 5.0;
				TARGETED_DEVICE_FAMILY = "1,2";
				TEST_TARGET_NAME = MessengerProject;
			};
			name = Release;
		};
/* End XCBuildConfiguration section */

/* Begin XCConfigurationList section */
		48896FD72B495D79000C371F /* Build configuration list for PBXProject "MessengerProject" */ = {
			isa = XCConfigurationList;
			buildConfigurations = (
				48896FFE2B495D7A000C371F /* Debug */,
				48896FFF2B495D7A000C371F /* Release */,
			);
			defaultConfigurationIsVisible = 0;
			defaultConfigurationName = Release;
		};
		488970002B495D7A000C371F /* Build configuration list for PBXNativeTarget "MessengerProject" */ = {
			isa = XCConfigurationList;
			buildConfigurations = (
				488970012B495D7A000C371F /* Debug */,
				488970022B495D7A000C371F /* Release */,
			);
			defaultConfigurationIsVisible = 0;
			defaultConfigurationName = Release;
		};
		488970032B495D7A000C371F /* Build configuration list for PBXNativeTarget "MessengerProjectTests" */ = {
			isa = XCConfigurationList;
			buildConfigurations = (
				488970042B495D7A000C371F /* Debug */,
				488970052B495D7A000C371F /* Release */,
			);
			defaultConfigurationIsVisible = 0;
			defaultConfigurationName = Release;
		};
		488970062B495D7A000C371F /* Build configuration list for PBXNativeTarget "MessengerProjectUITests" */ = {
			isa = XCConfigurationList;
			buildConfigurations = (
				488970072B495D7A000C371F /* Debug */,
				488970082B495D7A000C371F /* Release */,
			);
			defaultConfigurationIsVisible = 0;
			defaultConfigurationName = Release;
		};
/* End XCConfigurationList section */

/* Begin XCRemoteSwiftPackageReference section */
		4880403C2B52750D001071AE /* XCRemoteSwiftPackageReference "Moya" */ = {
			isa = XCRemoteSwiftPackageReference;
			repositoryURL = "https://github.com/Moya/Moya.git";
			requirement = {
				kind = upToNextMajorVersion;
				minimumVersion = 15.0.3;
			};
		};
/* End XCRemoteSwiftPackageReference section */

/* Begin XCSwiftPackageProductDependency section */
		4880403D2B52750D001071AE /* CombineMoya */ = {
			isa = XCSwiftPackageProductDependency;
			package = 4880403C2B52750D001071AE /* XCRemoteSwiftPackageReference "Moya" */;
			productName = CombineMoya;
		};
		4880403F2B52750D001071AE /* Moya */ = {
			isa = XCSwiftPackageProductDependency;
			package = 4880403C2B52750D001071AE /* XCRemoteSwiftPackageReference "Moya" */;
			productName = Moya;
		};
/* End XCSwiftPackageProductDependency section */
	};
	rootObject = 48896FD42B495D79000C371F /* Project object */;
}
